
Microsoft Visual Studio Solution File, Format Version 12.00
# Visual Studio Version 16
VisualStudioVersion = 16.0.30717.126
MinimumVisualStudioVersion = 10.0.40219.1
Project("{FAE04EC0-301F-11D3-BF4B-00C04F79EFBC}") = "WindowsFormsApp1", "WindowsFormsApp1.csproj", "{4DB307EE-2D32-460B-98FF-884028A459D4}"
EndProject
Global
	GlobalSection(SolutionConfigurationPlatforms) = preSolution
		Debug|Any CPU = Debug|Any CPU
		Release|Any CPU = Release|Any CPU
	EndGlobalSection
	GlobalSection(ProjectConfigurationPlatforms) = postSolution
		{4DB307EE-2D32-460B-98FF-884028A459D4}.Debug|Any CPU.ActiveCfg = Debug|Any CPU
		{4DB307EE-2D32-460B-98FF-884028A459D4}.Debug|Any CPU.Build.0 = Debug|Any CPU
		{4DB307EE-2D32-460B-98FF-884028A459D4}.Release|Any CPU.ActiveCfg = Release|Any CPU
		{4DB307EE-2D32-460B-98FF-884028A459D4}.Release|Any CPU.Build.0 = Release|Any CPU
	EndGlobalSection
	GlobalSection(SolutionProperties) = preSolution
		HideSolutionNode = FALSE
	EndGlobalSection
	GlobalSection(ExtensibilityGlobals) = postSolution
		SolutionGuid = {A050B459-69D1-4EA0-906A-CE3DC8E622F5}
	EndGlobalSection
EndGlobal
