
Microsoft Visual Studio Solution File, Format Version 12.00
# Visual Studio Version 16
VisualStudioVersion = 16.0.30503.244
MinimumVisualStudioVersion = 10.0.40219.1
Project("{FAE04EC0-301F-11D3-BF4B-00C04F79EFBC}") = "TTriangle", "TTriangle.csproj", "{7F2A8999-14F4-4EBB-B109-DC920EF9EBF1}"
EndProject
Global
	GlobalSection(SolutionConfigurationPlatforms) = preSolution
		Debug|Any CPU = Debug|Any CPU
		Release|Any CPU = Release|Any CPU
	EndGlobalSection
	GlobalSection(ProjectConfigurationPlatforms) = postSolution
		{7F2A8999-14F4-4EBB-B109-DC920EF9EBF1}.Debug|Any CPU.ActiveCfg = Debug|Any CPU
		{7F2A8999-14F4-4EBB-B109-DC920EF9EBF1}.Debug|Any CPU.Build.0 = Debug|Any CPU
		{7F2A8999-14F4-4EBB-B109-DC920EF9EBF1}.Release|Any CPU.ActiveCfg = Release|Any CPU
		{7F2A8999-14F4-4EBB-B109-DC920EF9EBF1}.Release|Any CPU.Build.0 = Release|Any CPU
	EndGlobalSection
	GlobalSection(SolutionProperties) = preSolution
		HideSolutionNode = FALSE
	EndGlobalSection
	GlobalSection(ExtensibilityGlobals) = postSolution
		SolutionGuid = {7D9520CC-102B-4F07-A378-14BE5DCB36B5}
	EndGlobalSection
EndGlobal
